
Microsoft Visual Studio Solution File, Format Version 12.00
# Visual Studio Version 17
VisualStudioVersion = 17.5.002.0
MinimumVisualStudioVersion = 10.0.40219.1
Project("{9A19103F-16F7-4668-BE54-9A1E7A4F7556}") = "MetalWay", "MetalWay.csproj", "{5321F918-5630-4CBF-9DC3-9DC8126D7167}"
EndProject
Global
	GlobalSection(SolutionConfigurationPlatforms) = preSolution
		Debug|Any CPU = Debug|Any CPU
		Release|Any CPU = Release|Any CPU
	EndGlobalSection
	GlobalSection(ProjectConfigurationPlatforms) = postSolution
		{5321F918-5630-4CBF-9DC3-9DC8126D7167}.Debug|Any CPU.ActiveCfg = Debug|Any CPU
		{5321F918-5630-4CBF-9DC3-9DC8126D7167}.Debug|Any CPU.Build.0 = Debug|Any CPU
		{5321F918-5630-4CBF-9DC3-9DC8126D7167}.Release|Any CPU.ActiveCfg = Release|Any CPU
		{5321F918-5630-4CBF-9DC3-9DC8126D7167}.Release|Any CPU.Build.0 = Release|Any CPU
	EndGlobalSection
	GlobalSection(SolutionProperties) = preSolution
		HideSolutionNode = FALSE
	EndGlobalSection
	GlobalSection(ExtensibilityGlobals) = postSolution
		SolutionGuid = {273CAA35-EAEB-4410-AA00-0C89FF527087}
	EndGlobalSection
EndGlobal
